
Microsoft Visual Studio Solution File, Format Version 12.00
# Visual Studio Version 17
VisualStudioVersion = 17.6.33829.357
MinimumVisualStudioVersion = 10.0.40219.1
Project("{2150E333-8FDC-42A3-9474-1A3956D46DE8}") = "BestStories.Channel", "BestStories.Channel", "{438000B2-E5A4-4DC1-88E9-A30CD027A682}"
EndProject
Project("{2150E333-8FDC-42A3-9474-1A3956D46DE8}") = "BestStories.RestAPI", "BestStories.RestAPI", "{FA1037D4-C716-4F2F-8618-0628B19B944B}"
EndProject
Project("{2150E333-8FDC-42A3-9474-1A3956D46DE8}") = "BestStories.RestAPI.Test", "BestStories.RestAPI.Test", "{C497258E-1802-4FF5-8E5A-C2BB8C10BE3D}"
EndProject
Project("{2150E333-8FDC-42A3-9474-1A3956D46DE8}") = "BestStories.BusinessLogic", "BestStories.BusinessLogic", "{86434271-B384-44AC-AB4D-3DC75DD93894}"
EndProject
Project("{2150E333-8FDC-42A3-9474-1A3956D46DE8}") = "BestStories.Data", "BestStories.Data", "{AC4FF4B5-278C-4929-AB18-8FFA3FB47BC0}"
EndProject
Project("{2150E333-8FDC-42A3-9474-1A3956D46DE8}") = "BestStories.Model", "BestStories.Model", "{3315C94A-ED69-4079-992F-3637521B2728}"
EndProject
Project("{9A19103F-16F7-4668-BE54-9A1E7A4F7556}") = "BestStories.API", "BestStories.API\BestStories.API.csproj", "{2E0EB68B-AB50-45B8-AACD-B7F65D39980C}"
EndProject
Project("{9A19103F-16F7-4668-BE54-9A1E7A4F7556}") = "BestStories.Model", "BestStories.Model\BestStories.Model.csproj", "{7E157F5D-56EE-48C1-8F01-C51A32831968}"
EndProject
Project("{9A19103F-16F7-4668-BE54-9A1E7A4F7556}") = "BestStories.Data", "BestStories.Data\BestStories.Data.csproj", "{48C8DE03-8A30-44DC-8BAC-96E28ECF72C7}"
EndProject
Project("{9A19103F-16F7-4668-BE54-9A1E7A4F7556}") = "BestStories.BusinessLogic", "BestStories.BusinessLogic\BestStories.BusinessLogic.csproj", "{9864DEC0-DFC4-4AD7-B765-BDAD3CDC00DC}"
EndProject
Project("{9A19103F-16F7-4668-BE54-9A1E7A4F7556}") = "BestStories.Channel", "BestStories.Repository\BestStories.Channel.csproj", "{8C56FAA2-9DF4-4F07-93C9-D5A7CEB4526B}"
EndProject
Project("{2150E333-8FDC-42A3-9474-1A3956D46DE8}") = "Tests", "Tests", "{9108CEE0-645A-46F0-91EB-C68B10595F4B}"
EndProject
Project("{2150E333-8FDC-42A3-9474-1A3956D46DE8}") = "BestStories.BusinessLogic", "BestStories.BusinessLogic", "{96EEF84F-2A30-42C2-8B20-4AB0E28DA029}"
EndProject
Project("{2150E333-8FDC-42A3-9474-1A3956D46DE8}") = "BestStories.Channel", "BestStories.Channel", "{C652A93E-E24C-49B7-B210-6F15B8268967}"
EndProject
Project("{2150E333-8FDC-42A3-9474-1A3956D46DE8}") = "BestStories.Data", "BestStories.Data", "{5B2792AE-3E7C-4C4E-855D-7F956A413F8A}"
EndProject
Project("{2150E333-8FDC-42A3-9474-1A3956D46DE8}") = "BestStories.Model", "BestStories.Model", "{3A2DD63A-6E3C-4B6C-A91B-5E3C0EE6C613}"
EndProject
Project("{FAE04EC0-301F-11D3-BF4B-00C04F79EFBC}") = "BestStories.RestApi.Test", "BestStories.RestApi.Test\BestStories.RestApi.Test.csproj", "{73535A5B-1A04-4124-B092-4D83BE627EFF}"
EndProject
Global
	GlobalSection(SolutionConfigurationPlatforms) = preSolution
		Debug|Any CPU = Debug|Any CPU
		Release|Any CPU = Release|Any CPU
	EndGlobalSection
	GlobalSection(ProjectConfigurationPlatforms) = postSolution
		{2E0EB68B-AB50-45B8-AACD-B7F65D39980C}.Debug|Any CPU.ActiveCfg = Debug|Any CPU
		{2E0EB68B-AB50-45B8-AACD-B7F65D39980C}.Debug|Any CPU.Build.0 = Debug|Any CPU
		{2E0EB68B-AB50-45B8-AACD-B7F65D39980C}.Release|Any CPU.ActiveCfg = Release|Any CPU
		{2E0EB68B-AB50-45B8-AACD-B7F65D39980C}.Release|Any CPU.Build.0 = Release|Any CPU
		{7E157F5D-56EE-48C1-8F01-C51A32831968}.Debug|Any CPU.ActiveCfg = Debug|Any CPU
		{7E157F5D-56EE-48C1-8F01-C51A32831968}.Debug|Any CPU.Build.0 = Debug|Any CPU
		{7E157F5D-56EE-48C1-8F01-C51A32831968}.Release|Any CPU.ActiveCfg = Release|Any CPU
		{7E157F5D-56EE-48C1-8F01-C51A32831968}.Release|Any CPU.Build.0 = Release|Any CPU
		{48C8DE03-8A30-44DC-8BAC-96E28ECF72C7}.Debug|Any CPU.ActiveCfg = Debug|Any CPU
		{48C8DE03-8A30-44DC-8BAC-96E28ECF72C7}.Debug|Any CPU.Build.0 = Debug|Any CPU
		{48C8DE03-8A30-44DC-8BAC-96E28ECF72C7}.Release|Any CPU.ActiveCfg = Release|Any CPU
		{48C8DE03-8A30-44DC-8BAC-96E28ECF72C7}.Release|Any CPU.Build.0 = Release|Any CPU
		{9864DEC0-DFC4-4AD7-B765-BDAD3CDC00DC}.Debug|Any CPU.ActiveCfg = Debug|Any CPU
		{9864DEC0-DFC4-4AD7-B765-BDAD3CDC00DC}.Debug|Any CPU.Build.0 = Debug|Any CPU
		{9864DEC0-DFC4-4AD7-B765-BDAD3CDC00DC}.Release|Any CPU.ActiveCfg = Release|Any CPU
		{9864DEC0-DFC4-4AD7-B765-BDAD3CDC00DC}.Release|Any CPU.Build.0 = Release|Any CPU
		{8C56FAA2-9DF4-4F07-93C9-D5A7CEB4526B}.Debug|Any CPU.ActiveCfg = Debug|Any CPU
		{8C56FAA2-9DF4-4F07-93C9-D5A7CEB4526B}.Debug|Any CPU.Build.0 = Debug|Any CPU
		{8C56FAA2-9DF4-4F07-93C9-D5A7CEB4526B}.Release|Any CPU.ActiveCfg = Release|Any CPU
		{8C56FAA2-9DF4-4F07-93C9-D5A7CEB4526B}.Release|Any CPU.Build.0 = Release|Any CPU
		{73535A5B-1A04-4124-B092-4D83BE627EFF}.Debug|Any CPU.ActiveCfg = Debug|Any CPU
		{73535A5B-1A04-4124-B092-4D83BE627EFF}.Debug|Any CPU.Build.0 = Debug|Any CPU
		{73535A5B-1A04-4124-B092-4D83BE627EFF}.Release|Any CPU.ActiveCfg = Release|Any CPU
		{73535A5B-1A04-4124-B092-4D83BE627EFF}.Release|Any CPU.Build.0 = Release|Any CPU
	EndGlobalSection
	GlobalSection(SolutionProperties) = preSolution
		HideSolutionNode = FALSE
	EndGlobalSection
	GlobalSection(NestedProjects) = preSolution
		{C497258E-1802-4FF5-8E5A-C2BB8C10BE3D} = {9108CEE0-645A-46F0-91EB-C68B10595F4B}
		{2E0EB68B-AB50-45B8-AACD-B7F65D39980C} = {FA1037D4-C716-4F2F-8618-0628B19B944B}
		{7E157F5D-56EE-48C1-8F01-C51A32831968} = {3315C94A-ED69-4079-992F-3637521B2728}
		{48C8DE03-8A30-44DC-8BAC-96E28ECF72C7} = {AC4FF4B5-278C-4929-AB18-8FFA3FB47BC0}
		{9864DEC0-DFC4-4AD7-B765-BDAD3CDC00DC} = {86434271-B384-44AC-AB4D-3DC75DD93894}
		{8C56FAA2-9DF4-4F07-93C9-D5A7CEB4526B} = {438000B2-E5A4-4DC1-88E9-A30CD027A682}
		{96EEF84F-2A30-42C2-8B20-4AB0E28DA029} = {9108CEE0-645A-46F0-91EB-C68B10595F4B}
		{C652A93E-E24C-49B7-B210-6F15B8268967} = {9108CEE0-645A-46F0-91EB-C68B10595F4B}
		{5B2792AE-3E7C-4C4E-855D-7F956A413F8A} = {9108CEE0-645A-46F0-91EB-C68B10595F4B}
		{3A2DD63A-6E3C-4B6C-A91B-5E3C0EE6C613} = {9108CEE0-645A-46F0-91EB-C68B10595F4B}
		{73535A5B-1A04-4124-B092-4D83BE627EFF} = {C497258E-1802-4FF5-8E5A-C2BB8C10BE3D}
	EndGlobalSection
	GlobalSection(ExtensibilityGlobals) = postSolution
		SolutionGuid = {D4D6FE1B-5BE1-4B1B-86C3-118F49327609}
	EndGlobalSection
EndGlobal
